
{
  "name": "netpulse-pro",
  "version": "3.1.0",
  "lockfileVersion": 3,
  "requires": true,
  "packages": {
    "": {
      "name": "netpulse-pro",
      "version": "3.1.0",
      "dependencies": {
        "@google/genai": "^1.39.0",
        "react": "^19.0.0",
        "react-dom": "^19.0.0",
        "recharts": "^2.12.7"
      },
      "devDependencies": {
        "electron": "^25.0.0",
        "electron-builder": "^24.0.0",
        "esbuild": "^0.19.0"
      }
    }
  }
}
